
Microsoft Visual Studio Solution File, Format Version 12.00
# Visual Studio Version 16
VisualStudioVersion = 16.0.31424.327
MinimumVisualStudioVersion = 10.0.40219.1
Project("{FAE04EC0-301F-11D3-BF4B-00C04F79EFBC}") = "QLTruongMamNon", "QLTruongMamNon\QLTruongMamNon.csproj", "{FF4D61CD-D75C-42F5-9139-4F6F470A32DD}"
EndProject
Global
	GlobalSection(SolutionConfigurationPlatforms) = preSolution
		Debug|Any CPU = Debug|Any CPU
		Release|Any CPU = Release|Any CPU
	EndGlobalSection
	GlobalSection(ProjectConfigurationPlatforms) = postSolution
		{FF4D61CD-D75C-42F5-9139-4F6F470A32DD}.Debug|Any CPU.ActiveCfg = Debug|Any CPU
		{FF4D61CD-D75C-42F5-9139-4F6F470A32DD}.Debug|Any CPU.Build.0 = Debug|Any CPU
		{FF4D61CD-D75C-42F5-9139-4F6F470A32DD}.Release|Any CPU.ActiveCfg = Release|Any CPU
		{FF4D61CD-D75C-42F5-9139-4F6F470A32DD}.Release|Any CPU.Build.0 = Release|Any CPU
	EndGlobalSection
	GlobalSection(SolutionProperties) = preSolution
		HideSolutionNode = FALSE
	EndGlobalSection
	GlobalSection(ExtensibilityGlobals) = postSolution
		SolutionGuid = {FABE64D8-97C9-492F-ACBE-A944185D99D7}
	EndGlobalSection
EndGlobal
